
Microsoft Visual Studio Solution File, Format Version 12.00
# Visual Studio 2012
Project("{CC5FD16D-436D-48AD-A40C-5A424C6E3E79}") = "AzureCloudService1", "AzureCloudService1\AzureCloudService1.ccproj", "{8830EB19-59CC-420D-9997-10C6A0CE0E91}"
EndProject
Project("{FAE04EC0-301F-11D3-BF4B-00C04F79EFBC}") = "MvcWebRole1", "MvcWebRole1\MvcWebRole1.csproj", "{C4021154-D0E6-4D3C-98C4-4BCA23600757}"
EndProject
Global
	GlobalSection(SolutionConfigurationPlatforms) = preSolution
		Debug|Any CPU = Debug|Any CPU
		Release|Any CPU = Release|Any CPU
	EndGlobalSection
	GlobalSection(ProjectConfigurationPlatforms) = postSolution
		{8830EB19-59CC-420D-9997-10C6A0CE0E91}.Debug|Any CPU.ActiveCfg = Debug|Any CPU
		{8830EB19-59CC-420D-9997-10C6A0CE0E91}.Debug|Any CPU.Build.0 = Debug|Any CPU
		{8830EB19-59CC-420D-9997-10C6A0CE0E91}.Release|Any CPU.ActiveCfg = Release|Any CPU
		{8830EB19-59CC-420D-9997-10C6A0CE0E91}.Release|Any CPU.Build.0 = Release|Any CPU
		{C4021154-D0E6-4D3C-98C4-4BCA23600757}.Debug|Any CPU.ActiveCfg = Debug|Any CPU
		{C4021154-D0E6-4D3C-98C4-4BCA23600757}.Debug|Any CPU.Build.0 = Debug|Any CPU
		{C4021154-D0E6-4D3C-98C4-4BCA23600757}.Release|Any CPU.ActiveCfg = Release|Any CPU
		{C4021154-D0E6-4D3C-98C4-4BCA23600757}.Release|Any CPU.Build.0 = Release|Any CPU
	EndGlobalSection
	GlobalSection(SolutionProperties) = preSolution
		HideSolutionNode = FALSE
	EndGlobalSection
EndGlobal
